<?xml version="1.0" encoding="utf-8"?>
<Project ToolsVersion="4.0" xmlns="http://schemas.microsoft.com/developer/msbuild/2003">
  <ItemGroup>
    <Filter Include="include">
      <UniqueIdentifier>{93995380-89BD-4b04-88EB-625FBE52EBFB}</UniqueIdentifier>
      <Extensions>h;hh;hpp;hxx;h++;hm;inl;inc;ipp;xsd</Extensions>
    </Filter>
    <Filter Include="src">
      <UniqueIdentifier>{4FC737F1-C7A5-4376-A066-2A32D752A2FF}</UniqueIdentifier>
      <Extensions>cpp;c;cc;cxx;c++;cppm;ixx;def;odl;idl;hpj;bat;asm;asmx</Extensions>
    </Filter>
    <Filter Include="src\IO">
      <UniqueIdentifier>{51ab820a-e706-43d7-b3e8-72048d01b7a9}</UniqueIdentifier>
    </Filter>
    <Filter Include="src\Analysis">
      <UniqueIdentifier>{4e467708-9f1c-4caf-a4cf-0748117da817}</UniqueIdentifier>
    </Filter>
    <Filter Include="src\UI">
      <UniqueIdentifier>{991b45f1-aa34-4717-ab22-3fe5a7d476b1}</UniqueIdentifier>
    </Filter>
    <Filter Include="resources">
      <UniqueIdentifier>{67DA6AB6-F800-4c08-8B7A-83BB121AAD01}</UniqueIdentifier>
      <Extensions>rc;ico;cur;bmp;dlg;rc2;rct;bin;rgs;gif;jpg;jpeg;jpe;resx;tiff;tif;png;wav;mfcribbon-ms</Extensions>
    </Filter>
    <Filter Include="libs">
      <UniqueIdentifier>{7e6d587b-bf1a-4854-95aa-977cf924751e}</UniqueIdentifier>
    </Filter>
    <Filter Include="test">
      <UniqueIdentifier>{116ac90e-4a66-4bf0-bc94-582eb98bc9c3}</UniqueIdentifier>
    </Filter>
    <Filter Include="tools">
      <UniqueIdentifier>{34b1bd43-6319-4f9a-b41f-48cb888a7285}</UniqueIdentifier>
    </Filter>
    <Filter Include="include\enums">
      <UniqueIdentifier>{7e5c83f1-2262-478c-8098-40552f962d53}</UniqueIdentifier>
    </Filter>
    <Filter Include="include\util">
      <UniqueIdentifier>{056d8b53-cba4-484d-b1a9-7819fae19754}</UniqueIdentifier>
    </Filter>
    <Filter Include="include\IO">
      <UniqueIdentifier>{0fbde573-f30b-4782-9044-5c7e7d243ea5}</UniqueIdentifier>
    </Filter>
    <Filter Include="include\IO\Sensors">
      <UniqueIdentifier>{7d36fe4c-f292-4699-8e42-03e029cbec3e}</UniqueIdentifier>
    </Filter>
    <Filter Include="include\UI">
      <UniqueIdentifier>{7133278d-22ef-426e-8f43-fdfab99bcb69}</UniqueIdentifier>
    </Filter>
    <Filter Include="include\UI\Components">
      <UniqueIdentifier>{1fe35df2-e2a5-4139-a5f4-f83c6ef965ca}</UniqueIdentifier>
    </Filter>
  </ItemGroup>
  <ItemGroup>
    <ClCompile Include="MPU.cpp">
      <Filter>src</Filter>
    </ClCompile>
    <ClCompile Include="IO_Manager.cpp">
      <Filter>src\IO</Filter>
    </ClCompile>
    <ClCompile Include="Analysis_Manager.cpp">
      <Filter>src\Analysis</Filter>
    </ClCompile>
    <ClCompile Include="UI_Manager.cpp">
      <Filter>src\UI</Filter>
    </ClCompile>
    <ClCompile Include="IOManager.h">
      <Filter>include\IO</Filter>
    </ClCompile>
    <ClCompile Include="TransmitterSensor.h">
      <Filter>include\IO\Sensors</Filter>
    </ClCompile>
    <ClCompile Include="BaseComponent.h">
      <Filter>include\UI\Components</Filter>
    </ClCompile>
    <ClCompile Include="UIManager.h">
      <Filter>include\UI</Filter>
    </ClCompile>
  </ItemGroup>
  <ItemGroup>
    <None Include="temp.json">
      <Filter>resources</Filter>
    </None>
  </ItemGroup>
  <ItemGroup>
    <ClInclude Include="errorCodes.h">
      <Filter>include\enums</Filter>
    </ClInclude>
    <ClInclude Include="SensorTypes.h">
      <Filter>include\enums</Filter>
    </ClInclude>
    <ClInclude Include="logger.h">
      <Filter>include\util</Filter>
    </ClInclude>
    <ClInclude Include="configManager.h">
      <Filter>include\util</Filter>
    </ClInclude>
  </ItemGroup>
</Project>