
Microsoft Visual Studio Solution File, Format Version 12.00
# Visual Studio Version 17
VisualStudioVersion = 17.9.34728.123
MinimumVisualStudioVersion = 10.0.40219.1
Project("{9A19103F-16F7-4668-BE54-9A1E7A4F7556}") = "MPU", "MPU\MPU.csproj", "{D4E7B16C-C255-4FAD-811D-0A5D0DC1DFB2}"
EndProject
Project("{FAE04EC0-301F-11D3-BF4B-00C04F79EFBC}") = "Analysis", "Analysis\Analysis.csproj", "{009D30C0-2ED5-41CF-B1B6-C3840A90ADC6}"
EndProject
Project("{FAE04EC0-301F-11D3-BF4B-00C04F79EFBC}") = "UI", "UI\UI.csproj", "{6BE72375-C0A4-4FAC-AB03-45EB1F60D283}"
EndProject
Project("{FAE04EC0-301F-11D3-BF4B-00C04F79EFBC}") = "Entities", "Entities\Entities.csproj", "{CCDABA04-D3EB-40A1-9E55-1DB93F9D0EAF}"
EndProject
Project("{FAE04EC0-301F-11D3-BF4B-00C04F79EFBC}") = "Managers", "Managers\Managers.csproj", "{DC3D23EB-BC15-42F9-96D8-7241209DF04A}"
EndProject
Global
	GlobalSection(SolutionConfigurationPlatforms) = preSolution
		Debug|Any CPU = Debug|Any CPU
		Debug|ARM = Debug|ARM
		Debug|ARM64 = Debug|ARM64
		Debug|x64 = Debug|x64
		Debug|x86 = Debug|x86
		Release|Any CPU = Release|Any CPU
		Release|ARM = Release|ARM
		Release|ARM64 = Release|ARM64
		Release|x64 = Release|x64
		Release|x86 = Release|x86
	EndGlobalSection
	GlobalSection(ProjectConfigurationPlatforms) = postSolution
		{D4E7B16C-C255-4FAD-811D-0A5D0DC1DFB2}.Debug|Any CPU.ActiveCfg = Debug|Any CPU
		{D4E7B16C-C255-4FAD-811D-0A5D0DC1DFB2}.Debug|Any CPU.Build.0 = Debug|Any CPU
		{D4E7B16C-C255-4FAD-811D-0A5D0DC1DFB2}.Debug|ARM.ActiveCfg = Debug|Any CPU
		{D4E7B16C-C255-4FAD-811D-0A5D0DC1DFB2}.Debug|ARM.Build.0 = Debug|Any CPU
		{D4E7B16C-C255-4FAD-811D-0A5D0DC1DFB2}.Debug|ARM64.ActiveCfg = Debug|Any CPU
		{D4E7B16C-C255-4FAD-811D-0A5D0DC1DFB2}.Debug|ARM64.Build.0 = Debug|Any CPU
		{D4E7B16C-C255-4FAD-811D-0A5D0DC1DFB2}.Debug|x64.ActiveCfg = Debug|Any CPU
		{D4E7B16C-C255-4FAD-811D-0A5D0DC1DFB2}.Debug|x64.Build.0 = Debug|Any CPU
		{D4E7B16C-C255-4FAD-811D-0A5D0DC1DFB2}.Debug|x86.ActiveCfg = Debug|Any CPU
		{D4E7B16C-C255-4FAD-811D-0A5D0DC1DFB2}.Debug|x86.Build.0 = Debug|Any CPU
		{D4E7B16C-C255-4FAD-811D-0A5D0DC1DFB2}.Release|Any CPU.ActiveCfg = Release|Any CPU
		{D4E7B16C-C255-4FAD-811D-0A5D0DC1DFB2}.Release|Any CPU.Build.0 = Release|Any CPU
		{D4E7B16C-C255-4FAD-811D-0A5D0DC1DFB2}.Release|ARM.ActiveCfg = Release|Any CPU
		{D4E7B16C-C255-4FAD-811D-0A5D0DC1DFB2}.Release|ARM.Build.0 = Release|Any CPU
		{D4E7B16C-C255-4FAD-811D-0A5D0DC1DFB2}.Release|ARM64.ActiveCfg = Release|Any CPU
		{D4E7B16C-C255-4FAD-811D-0A5D0DC1DFB2}.Release|ARM64.Build.0 = Release|Any CPU
		{D4E7B16C-C255-4FAD-811D-0A5D0DC1DFB2}.Release|x64.ActiveCfg = Release|Any CPU
		{D4E7B16C-C255-4FAD-811D-0A5D0DC1DFB2}.Release|x64.Build.0 = Release|Any CPU
		{D4E7B16C-C255-4FAD-811D-0A5D0DC1DFB2}.Release|x86.ActiveCfg = Release|Any CPU
		{D4E7B16C-C255-4FAD-811D-0A5D0DC1DFB2}.Release|x86.Build.0 = Release|Any CPU
		{009D30C0-2ED5-41CF-B1B6-C3840A90ADC6}.Debug|Any CPU.ActiveCfg = Debug|Any CPU
		{009D30C0-2ED5-41CF-B1B6-C3840A90ADC6}.Debug|Any CPU.Build.0 = Debug|Any CPU
		{009D30C0-2ED5-41CF-B1B6-C3840A90ADC6}.Debug|ARM.ActiveCfg = Debug|Any CPU
		{009D30C0-2ED5-41CF-B1B6-C3840A90ADC6}.Debug|ARM.Build.0 = Debug|Any CPU
		{009D30C0-2ED5-41CF-B1B6-C3840A90ADC6}.Debug|ARM64.ActiveCfg = Debug|Any CPU
		{009D30C0-2ED5-41CF-B1B6-C3840A90ADC6}.Debug|ARM64.Build.0 = Debug|Any CPU
		{009D30C0-2ED5-41CF-B1B6-C3840A90ADC6}.Debug|x64.ActiveCfg = Debug|Any CPU
		{009D30C0-2ED5-41CF-B1B6-C3840A90ADC6}.Debug|x64.Build.0 = Debug|Any CPU
		{009D30C0-2ED5-41CF-B1B6-C3840A90ADC6}.Debug|x86.ActiveCfg = Debug|Any CPU
		{009D30C0-2ED5-41CF-B1B6-C3840A90ADC6}.Debug|x86.Build.0 = Debug|Any CPU
		{009D30C0-2ED5-41CF-B1B6-C3840A90ADC6}.Release|Any CPU.ActiveCfg = Release|Any CPU
		{009D30C0-2ED5-41CF-B1B6-C3840A90ADC6}.Release|Any CPU.Build.0 = Release|Any CPU
		{009D30C0-2ED5-41CF-B1B6-C3840A90ADC6}.Release|ARM.ActiveCfg = Release|Any CPU
		{009D30C0-2ED5-41CF-B1B6-C3840A90ADC6}.Release|ARM.Build.0 = Release|Any CPU
		{009D30C0-2ED5-41CF-B1B6-C3840A90ADC6}.Release|ARM64.ActiveCfg = Release|Any CPU
		{009D30C0-2ED5-41CF-B1B6-C3840A90ADC6}.Release|ARM64.Build.0 = Release|Any CPU
		{009D30C0-2ED5-41CF-B1B6-C3840A90ADC6}.Release|x64.ActiveCfg = Release|Any CPU
		{009D30C0-2ED5-41CF-B1B6-C3840A90ADC6}.Release|x64.Build.0 = Release|Any CPU
		{009D30C0-2ED5-41CF-B1B6-C3840A90ADC6}.Release|x86.ActiveCfg = Release|Any CPU
		{009D30C0-2ED5-41CF-B1B6-C3840A90ADC6}.Release|x86.Build.0 = Release|Any CPU
		{6BE72375-C0A4-4FAC-AB03-45EB1F60D283}.Debug|Any CPU.ActiveCfg = Debug|Any CPU
		{6BE72375-C0A4-4FAC-AB03-45EB1F60D283}.Debug|Any CPU.Build.0 = Debug|Any CPU
		{6BE72375-C0A4-4FAC-AB03-45EB1F60D283}.Debug|ARM.ActiveCfg = Debug|Any CPU
		{6BE72375-C0A4-4FAC-AB03-45EB1F60D283}.Debug|ARM.Build.0 = Debug|Any CPU
		{6BE72375-C0A4-4FAC-AB03-45EB1F60D283}.Debug|ARM64.ActiveCfg = Debug|Any CPU
		{6BE72375-C0A4-4FAC-AB03-45EB1F60D283}.Debug|ARM64.Build.0 = Debug|Any CPU
		{6BE72375-C0A4-4FAC-AB03-45EB1F60D283}.Debug|x64.ActiveCfg = Debug|Any CPU
		{6BE72375-C0A4-4FAC-AB03-45EB1F60D283}.Debug|x64.Build.0 = Debug|Any CPU
		{6BE72375-C0A4-4FAC-AB03-45EB1F60D283}.Debug|x86.ActiveCfg = Debug|Any CPU
		{6BE72375-C0A4-4FAC-AB03-45EB1F60D283}.Debug|x86.Build.0 = Debug|Any CPU
		{6BE72375-C0A4-4FAC-AB03-45EB1F60D283}.Release|Any CPU.ActiveCfg = Release|Any CPU
		{6BE72375-C0A4-4FAC-AB03-45EB1F60D283}.Release|Any CPU.Build.0 = Release|Any CPU
		{6BE72375-C0A4-4FAC-AB03-45EB1F60D283}.Release|ARM.ActiveCfg = Release|Any CPU
		{6BE72375-C0A4-4FAC-AB03-45EB1F60D283}.Release|ARM.Build.0 = Release|Any CPU
		{6BE72375-C0A4-4FAC-AB03-45EB1F60D283}.Release|ARM64.ActiveCfg = Release|Any CPU
		{6BE72375-C0A4-4FAC-AB03-45EB1F60D283}.Release|ARM64.Build.0 = Release|Any CPU
		{6BE72375-C0A4-4FAC-AB03-45EB1F60D283}.Release|x64.ActiveCfg = Release|Any CPU
		{6BE72375-C0A4-4FAC-AB03-45EB1F60D283}.Release|x64.Build.0 = Release|Any CPU
		{6BE72375-C0A4-4FAC-AB03-45EB1F60D283}.Release|x86.ActiveCfg = Release|Any CPU
		{6BE72375-C0A4-4FAC-AB03-45EB1F60D283}.Release|x86.Build.0 = Release|Any CPU
		{CCDABA04-D3EB-40A1-9E55-1DB93F9D0EAF}.Debug|Any CPU.ActiveCfg = Debug|Any CPU
		{CCDABA04-D3EB-40A1-9E55-1DB93F9D0EAF}.Debug|Any CPU.Build.0 = Debug|Any CPU
		{CCDABA04-D3EB-40A1-9E55-1DB93F9D0EAF}.Debug|ARM.ActiveCfg = Debug|Any CPU
		{CCDABA04-D3EB-40A1-9E55-1DB93F9D0EAF}.Debug|ARM.Build.0 = Debug|Any CPU
		{CCDABA04-D3EB-40A1-9E55-1DB93F9D0EAF}.Debug|ARM64.ActiveCfg = Debug|Any CPU
		{CCDABA04-D3EB-40A1-9E55-1DB93F9D0EAF}.Debug|ARM64.Build.0 = Debug|Any CPU
		{CCDABA04-D3EB-40A1-9E55-1DB93F9D0EAF}.Debug|x64.ActiveCfg = Debug|Any CPU
		{CCDABA04-D3EB-40A1-9E55-1DB93F9D0EAF}.Debug|x64.Build.0 = Debug|Any CPU
		{CCDABA04-D3EB-40A1-9E55-1DB93F9D0EAF}.Debug|x86.ActiveCfg = Debug|Any CPU
		{CCDABA04-D3EB-40A1-9E55-1DB93F9D0EAF}.Debug|x86.Build.0 = Debug|Any CPU
		{CCDABA04-D3EB-40A1-9E55-1DB93F9D0EAF}.Release|Any CPU.ActiveCfg = Release|Any CPU
		{CCDABA04-D3EB-40A1-9E55-1DB93F9D0EAF}.Release|Any CPU.Build.0 = Release|Any CPU
		{CCDABA04-D3EB-40A1-9E55-1DB93F9D0EAF}.Release|ARM.ActiveCfg = Release|Any CPU
		{CCDABA04-D3EB-40A1-9E55-1DB93F9D0EAF}.Release|ARM.Build.0 = Release|Any CPU
		{CCDABA04-D3EB-40A1-9E55-1DB93F9D0EAF}.Release|ARM64.ActiveCfg = Release|Any CPU
		{CCDABA04-D3EB-40A1-9E55-1DB93F9D0EAF}.Release|ARM64.Build.0 = Release|Any CPU
		{CCDABA04-D3EB-40A1-9E55-1DB93F9D0EAF}.Release|x64.ActiveCfg = Release|Any CPU
		{CCDABA04-D3EB-40A1-9E55-1DB93F9D0EAF}.Release|x64.Build.0 = Release|Any CPU
		{CCDABA04-D3EB-40A1-9E55-1DB93F9D0EAF}.Release|x86.ActiveCfg = Release|Any CPU
		{CCDABA04-D3EB-40A1-9E55-1DB93F9D0EAF}.Release|x86.Build.0 = Release|Any CPU
		{DC3D23EB-BC15-42F9-96D8-7241209DF04A}.Debug|Any CPU.ActiveCfg = Debug|Any CPU
		{DC3D23EB-BC15-42F9-96D8-7241209DF04A}.Debug|Any CPU.Build.0 = Debug|Any CPU
		{DC3D23EB-BC15-42F9-96D8-7241209DF04A}.Debug|ARM.ActiveCfg = Debug|Any CPU
		{DC3D23EB-BC15-42F9-96D8-7241209DF04A}.Debug|ARM.Build.0 = Debug|Any CPU
		{DC3D23EB-BC15-42F9-96D8-7241209DF04A}.Debug|ARM64.ActiveCfg = Debug|Any CPU
		{DC3D23EB-BC15-42F9-96D8-7241209DF04A}.Debug|ARM64.Build.0 = Debug|Any CPU
		{DC3D23EB-BC15-42F9-96D8-7241209DF04A}.Debug|x64.ActiveCfg = Debug|Any CPU
		{DC3D23EB-BC15-42F9-96D8-7241209DF04A}.Debug|x64.Build.0 = Debug|Any CPU
		{DC3D23EB-BC15-42F9-96D8-7241209DF04A}.Debug|x86.ActiveCfg = Debug|Any CPU
		{DC3D23EB-BC15-42F9-96D8-7241209DF04A}.Debug|x86.Build.0 = Debug|Any CPU
		{DC3D23EB-BC15-42F9-96D8-7241209DF04A}.Release|Any CPU.ActiveCfg = Release|Any CPU
		{DC3D23EB-BC15-42F9-96D8-7241209DF04A}.Release|Any CPU.Build.0 = Release|Any CPU
		{DC3D23EB-BC15-42F9-96D8-7241209DF04A}.Release|ARM.ActiveCfg = Release|Any CPU
		{DC3D23EB-BC15-42F9-96D8-7241209DF04A}.Release|ARM.Build.0 = Release|Any CPU
		{DC3D23EB-BC15-42F9-96D8-7241209DF04A}.Release|ARM64.ActiveCfg = Release|Any CPU
		{DC3D23EB-BC15-42F9-96D8-7241209DF04A}.Release|ARM64.Build.0 = Release|Any CPU
		{DC3D23EB-BC15-42F9-96D8-7241209DF04A}.Release|x64.ActiveCfg = Release|Any CPU
		{DC3D23EB-BC15-42F9-96D8-7241209DF04A}.Release|x64.Build.0 = Release|Any CPU
		{DC3D23EB-BC15-42F9-96D8-7241209DF04A}.Release|x86.ActiveCfg = Release|Any CPU
		{DC3D23EB-BC15-42F9-96D8-7241209DF04A}.Release|x86.Build.0 = Release|Any CPU
	EndGlobalSection
	GlobalSection(SolutionProperties) = preSolution
		HideSolutionNode = FALSE
	EndGlobalSection
	GlobalSection(ExtensibilityGlobals) = postSolution
		SolutionGuid = {55271AA3-21D6-4F19-A419-7D962A6942CA}
	EndGlobalSection
EndGlobal
